
Microsoft Visual Studio Solution File, Format Version 12.00
# Visual Studio Version 16
VisualStudioVersion = 16.0.30717.126
MinimumVisualStudioVersion = 10.0.40219.1
Project("{FAE04EC0-301F-11D3-BF4B-00C04F79EFBC}") = "PortWatcher", "PortWatcher.csproj", "{883FED6C-5E7E-4326-AAAD-3365C12E0D25}"
EndProject
Project("{54435603-DBB4-11D2-8724-00A0C9A8B90C}") = "PortWatcherSetup", "setup\PortWatcherSetup\PortWatcherSetup.vdproj", "{815BC4B2-CD1D-48D5-B7CC-9C7CB67F05C9}"
EndProject
Global
	GlobalSection(SolutionConfigurationPlatforms) = preSolution
		Debug|Any CPU = Debug|Any CPU
		Release|Any CPU = Release|Any CPU
	EndGlobalSection
	GlobalSection(ProjectConfigurationPlatforms) = postSolution
		{883FED6C-5E7E-4326-AAAD-3365C12E0D25}.Debug|Any CPU.ActiveCfg = Debug|Any CPU
		{883FED6C-5E7E-4326-AAAD-3365C12E0D25}.Debug|Any CPU.Build.0 = Debug|Any CPU
		{883FED6C-5E7E-4326-AAAD-3365C12E0D25}.Release|Any CPU.ActiveCfg = Release|Any CPU
		{883FED6C-5E7E-4326-AAAD-3365C12E0D25}.Release|Any CPU.Build.0 = Release|Any CPU
		{815BC4B2-CD1D-48D5-B7CC-9C7CB67F05C9}.Debug|Any CPU.ActiveCfg = Debug
		{815BC4B2-CD1D-48D5-B7CC-9C7CB67F05C9}.Debug|Any CPU.Build.0 = Debug
		{815BC4B2-CD1D-48D5-B7CC-9C7CB67F05C9}.Release|Any CPU.ActiveCfg = Release
	EndGlobalSection
	GlobalSection(SolutionProperties) = preSolution
		HideSolutionNode = FALSE
	EndGlobalSection
	GlobalSection(ExtensibilityGlobals) = postSolution
		SolutionGuid = {351B1E0C-CC40-4083-8A17-4E1D8701A105}
	EndGlobalSection
EndGlobal
